// !$*UTF8*$!
{
	archiveVersion = 1;
	classes = {
	};
	objectVersion = 77;
	objects = {

/* Begin PBXContainerItemProxy section */
		DDCAFA7D3017CB6B009E14C9 /* PBXContainerItemProxy */ = {
			isa = PBXContainerItemProxy;
			containerPortal = DDCAFA673017CB69009E14C9 /* Project object */;
			proxyType = 1;
			remoteGlobalIDString = DDCAFA6E3017CB69009E14C9;
			remoteInfo = LightBrowser;
		};
		DDCAFA873017CB6B009E14C9 /* PBXContainerItemProxy */ = {
			isa = PBXContainerItemProxy;
			containerPortal = DDCAFA673017CB69009E14C9 /* Project object */;
			proxyType = 1;
			remoteGlobalIDString = DDCAFA6E3017CB69009E14C9;
			remoteInfo = LightBrowser;
		};
/* End PBXContainerItemProxy section */

/* Begin PBXFileReference section */
		DDCAFA6F3017CB69009E14C9 /* LightBrowser.app */ = {isa = PBXFileReference; explicitFileType = wrapper.application; includeInIndex = 0; path = LightBrowser.app; sourceTree = BUILT_PRODUCTS_DIR; };
		DDCAFA7C3017CB6B009E14C9 /* LightBrowserTests.xctest */ = {isa = PBXFileReference; explicitFileType = wrapper.cfbundle; includeInIndex = 0; path = LightBrowserTests.xctest; sourceTree = BUILT_PRODUCTS_DIR; };
		DDCAFA863017CB6B009E14C9 /* LightBrowserUITests.xctest */ = {isa = PBXFileReference; explicitFileType = wrapper.cfbundle; includeInIndex = 0; path = LightBrowserUITests.xctest; sourceTree = BUILT_PRODUCTS_DIR; };
/* End PBXFileReference section */

/* Begin PBXFileSystemSynchronizedRootGroup section */
		DDCAFA713017CB69009E14C9 /* LightBrowser */ = {
			isa = PBXFileSystemSynchronizedRootGroup;
			path = LightBrowser;
			sourceTree = "<group>";
		};
		DDCAFA7F3017CB6B009E14C9 /* LightBrowserTests */ = {
			isa = PBXFileSystemSynchronizedRootGroup;
			path = LightBrowserTests;
			sourceTree = "<group>";
		};
		DDCAFA893017CB6B009E14C9 /* LightBrowserUITests */ = {
			isa = PBXFileSystemSynchronizedRootGroup;
			path = LightBrowserUITests;
			sourceTree = "<group>";
		};
/* End PBXFileSystemSynchronizedRootGroup section */

/* Begin PBXFrameworksBuildPhase section */
		DDCAFA6C3017CB69009E14C9 /* Frameworks */ = {
			isa = PBXFrameworksBuildPhase;
			buildActionMask = 2147483647;
			files = (
			);
			runOnlyForDeploymentPostprocessing = 0;
		};
		DDCAFA793017CB6B009E14C9 /* Frameworks */ = {
			isa = PBXFrameworksBuildPhase;
			buildActionMask = 2147483647;
			files = (
			);
			runOnlyForDeploymentPostprocessing = 0;
		};
		DDCAFA833017CB6B009E14C9 /* Frameworks */ = {
			isa = PBXFrameworksBuildPhase;
			buildActionMask = 2147483647;
			files = (
			);
			runOnlyForDeploymentPostprocessing = 0;
		};
/* End PBXFrameworksBuildPhase section */

/* Begin PBXGroup section */
		DDCAFA663017CB69009E14C9 = {
			isa = PBXGroup;
			children = (
				DDCAFA713017CB69009E14C9 /* LightBrowser */,
				DDCAFA7F3017CB6B009E14C9 /* LightBrowserTests */,
				DDCAFA893017CB6B009E14C9 /* LightBrowserUITests */,
				DDCAFA703017CB69009E14C9 /* Products */,
			);
			sourceTree = "<group>";
		};
		DDCAFA703017CB69009E14C9 /* Products */ = {
			isa = PBXGroup;
			children = (
				DDCAFA6F3017CB69009E14C9 /* LightBrowser.app */,
				DDCAFA7C3017CB6B009E14C9 /* LightBrowserTests.xctest */,
				DDCAFA863017CB6B009E14C9 /* LightBrowserUITests.xctest */,
			);
			name = Products;
			sourceTree = "<group>";
		};
/* End PBXGroup section */

/* Begin PBXNativeTarget section */
		DDCAFA6E3017CB69009E14C9 /* LightBrowser */ = {
			isa = PBXNativeTarget;
			buildConfigurationList = DDCAFA903017CB6B009E14C9 /* Build configuration list for PBXNativeTarget "LightBrowser" */;
			buildPhases = (
				DDCAFA6B3017CB69009E14C9 /* Sources */,
				DDCAFA6C3017CB69009E14C9 /* Frameworks */,
				DDCAFA6D3017CB69009E14C9 /* Resources */,
			);
			buildRules = (
			);
			dependencies = (
			);
			fileSystemSynchronizedGroups = (
				DDCAFA713017CB69009E14C9 /* LightBrowser */,
			);
			name = LightBrowser;
			packageProductDependencies = (
			);
			productName = LightBrowser;
			productReference = DDCAFA6F3017CB69009E14C9 /* LightBrowser.app */;
			productType = "com.apple.product-type.application";
		};
		DDCAFA7B3017CB6B009E14C9 /* LightBrowserTests */ = {
			isa = PBXNativeTarget;
			buildConfigurationList = DDCAFA933017CB6B009E14C9 /* Build configuration list for PBXNativeTarget "LightBrowserTests" */;
			buildPhases = (
				DDCAFA783017CB6B009E14C9 /* Sources */,
				DDCAFA793017CB6B009E14C9 /* Frameworks */,
				DDCAFA7A3017CB6B009E14C9 /* Resources */,
			);
			buildRules = (
			);
			dependencies = (
				DDCAFA7E3017CB6B009E14C9 /* PBXTargetDependency */,
			);
			fileSystemSynchronizedGroups = (
				DDCAFA7F3017CB6B009E14C9 /* LightBrowserTests */,
			);
			name = LightBrowserTests;
			packageProductDependencies = (
			);
			productName = LightBrowserTests;
			productReference = DDCAFA7C3017CB6B009E14C9 /* LightBrowserTests.xctest */;
			productType = "com.apple.product-type.bundle.unit-test";
		};
		DDCAFA853017CB6B009E14C9 /* LightBrowserUITests */ = {
			isa = PBXNativeTarget;
			buildConfigurationList = DDCAFA963017CB6B009E14C9 /* Build configuration list for PBXNativeTarget "LightBrowserUITests" */;
			buildPhases = (
				DDCAFA823017CB6B009E14C9 /* Sources */,
				DDCAFA833017CB6B009E14C9 /* Frameworks */,
				DDCAFA843017CB6B009E14C9 /* Resources */,
			);
			buildRules = (
			);
			dependencies = (
				DDCAFA883017CB6B009E14C9 /* PBXTargetDependency */,
			);
			fileSystemSynchronizedGroups = (
				DDCAFA893017CB6B009E14C9 /* LightBrowserUITests */,
			);
			name = LightBrowserUITests;
			packageProductDependencies = (
			);
			productName = LightBrowserUITests;
			productReference = DDCAFA863017CB6B009E14C9 /* LightBrowserUITests.xctest */;
			productType = "com.apple.product-type.bundle.ui-testing";
		};
/* End PBXNativeTarget section */

/* Begin PBXProject section */
		DDCAFA673017CB69009E14C9 /* Project object */ = {
			isa = PBXProject;
			attributes = {
				BuildIndependentTargetsInParallel = 1;
				LastSwiftUpdateCheck = 2660;
				LastUpgradeCheck = 2660;
				TargetAttributes = {
					DDCAFA6E3017CB69009E14C9 = {
						CreatedOnToolsVersion = 26.6;
					};
					DDCAFA7B3017CB6B009E14C9 = {
						CreatedOnToolsVersion = 26.6;
						TestTargetID = DDCAFA6E3017CB69009E14C9;
					};
					DDCAFA853017CB6B009E14C9 = {
						CreatedOnToolsVersion = 26.6;
						TestTargetID = DDCAFA6E3017CB69009E14C9;
					};
				};
			};
			buildConfigurationList = DDCAFA6A3017CB69009E14C9 /* Build configuration list for PBXProject "LightBrowser" */;
			developmentRegion = en;
			hasScannedForEncodings = 0;
			knownRegions = (
				en,
				Base,
			);
			mainGroup = DDCAFA663017CB69009E14C9;
			minimizedProjectReferenceProxies = 1;
			preferredProjectObjectVersion = 77;
			productRefGroup = DDCAFA703017CB69009E14C9 /* Products */;
			projectDirPath = "";
			projectRoot = "";
			targets = (
				DDCAFA6E3017CB69009E14C9 /* LightBrowser */,
				DDCAFA7B3017CB6B009E14C9 /* LightBrowserTests */,
				DDCAFA853017CB6B009E14C9 /* LightBrowserUITests */,
			);
		};
/* End PBXProject section */

/* Begin PBXResourcesBuildPhase section */
		DDCAFA6D3017CB69009E14C9 /* Resources */ = {
			isa = PBXResourcesBuildPhase;
			buildActionMask = 2147483647;
			files = (
			);
			runOnlyForDeploymentPostprocessing = 0;
		};
		DDCAFA7A3017CB6B009E14C9 /* Resources */ = {
			isa = PBXResourcesBuildPhase;
			buildActionMask = 2147483647;
			files = (
			);
			runOnlyForDeploymentPostprocessing = 0;
		};
		DDCAFA843017CB6B009E14C9 /* Resources */ = {
			isa = PBXResourcesBuildPhase;
			buildActionMask = 2147483647;
			files = (
			);
			runOnlyForDeploymentPostprocessing = 0;
		};
/* End PBXResourcesBuildPhase section */

/* Begin PBXSourcesBuildPhase section */
		DDCAFA6B3017CB69009E14C9 /* Sources */ = {
			isa = PBXSourcesBuildPhase;
			buildActionMask = 2147483647;
			files = (
			);
			runOnlyForDeploymentPostprocessing = 0;
		};
		DDCAFA783017CB6B009E14C9 /* Sources */ = {
			isa = PBXSourcesBuildPhase;
			buildActionMask = 2147483647;
			files = (
			);
			runOnlyForDeploymentPostprocessing = 0;
		};
		DDCAFA823017CB6B009E14C9 /* Sources */ = {
			isa = PBXSourcesBuildPhase;
			buildActionMask = 2147483647;
			files = (
			);
			runOnlyForDeploymentPostprocessing = 0;
		};
/* End PBXSourcesBuildPhase section */

/* Begin PBXTargetDependency section */
		DDCAFA7E3017CB6B009E14C9 /* PBXTargetDependency */ = {
			isa = PBXTargetDependency;
			target = DDCAFA6E3017CB69009E14C9 /* LightBrowser */;
			targetProxy = DDCAFA7D3017CB6B009E14C9 /* PBXContainerItemProxy */;
		};
		DDCAFA883017CB6B009E14C9 /* PBXTargetDependency */ = {
			isa = PBXTargetDependency;
			target = DDCAFA6E3017CB69009E14C9 /* LightBrowser */;
			targetProxy = DDCAFA873017CB6B009E14C9 /* PBXContainerItemProxy */;
		};
/* End PBXTargetDependency section */

/* Begin XCBuildConfiguration section */
		DDCAFA8E3017CB6B009E14C9 /* Debug */ = {
			isa = XCBuildConfiguration;
			buildSettings = {
				ALWAYS_SEARCH_USER_PATHS = NO;
				ASSETCATALOG_COMPILER_GENERATE_SWIFT_ASSET_SYMBOL_EXTENSIONS = YES;
				CLANG_ANALYZER_NONNULL = YES;
				CLANG_ANALYZER_NUMBER_OBJECT_CONVERSION = YES_AGGRESSIVE;
				CLANG_CXX_LANGUAGE_STANDARD = "gnu++20";
				CLANG_ENABLE_MODULES = YES;
				CLANG_ENABLE_OBJC_ARC = YES;
				CLANG_ENABLE_OBJC_WEAK = YES;
				CLANG_WARN_BLOCK_CAPTURE_AUTORELEASING = YES;
				CLANG_WARN_BOOL_CONVERSION = YES;
				CLANG_WARN_COMMA = YES;
				CLANG_WARN_CONSTANT_CONVERSION = YES;
				CLANG_WARN_DEPRECATED_OBJC_IMPLEMENTATIONS = YES;
				CLANG_WARN_DIRECT_OBJC_ISA_USAGE = YES_ERROR;
				CLANG_WARN_DOCUMENTATION_COMMENTS = YES;
				CLANG_WARN_EMPTY_BODY = YES;
				CLANG_WARN_ENUM_CONVERSION = YES;
				CLANG_WARN_INFINITE_RECURSION = YES;
				CLANG_WARN_INT_CONVERSION = YES;
				CLANG_WARN_NON_LITERAL_NULL_CONVERSION = YES;
				CLANG_WARN_OBJC_IMPLICIT_RETAIN_SELF = YES;
				CLANG_WARN_OBJC_LITERAL_CONVERSION = YES;
				CLANG_WARN_OBJC_ROOT_CLASS = YES_ERROR;
				CLANG_WARN_QUOTED_INCLUDE_IN_FRAMEWORK_HEADER = YES;
				CLANG_WARN_RANGE_LOOP_ANALYSIS = YES;
				CLANG_WARN_STRICT_PROTOTYPES = YES;
				CLANG_WARN_SUSPICIOUS_MOVE = YES;
				CLANG_WARN_UNGUARDED_AVAILABILITY = YES_AGGRESSIVE;
				CLANG_WARN_UNREACHABLE_CODE = YES;
				CLANG_WARN__DUPLICATE_METHOD_MATCH = YES;
				COPY_PHASE_STRIP = NO;
				DEBUG_INFORMATION_FORMAT = dwarf;
				DEVELOPMENT_TEAM = 4N94J6GCQ6;
				ENABLE_STRICT_OBJC_MSGSEND = YES;
				ENABLE_TESTABILITY = YES;
				ENABLE_USER_SCRIPT_SANDBOXING = YES;
				GCC_C_LANGUAGE_STANDARD = gnu17;
				GCC_DYNAMIC_NO_PIC = NO;
				GCC_NO_COMMON_BLOCKS = YES;
				GCC_OPTIMIZATION_LEVEL = 0;
				GCC_PREPROCESSOR_DEFINITIONS = (
					"DEBUG=1",
					"$(inherited)",
				);
				GCC_WARN_64_TO_32_BIT_CONVERSION = YES;
				GCC_WARN_ABOUT_RETURN_TYPE = YES_ERROR;
				GCC_WARN_UNDECLARED_SELECTOR = YES;
				GCC_WARN_UNINITIALIZED_AUTOS = YES_AGGRESSIVE;
				GCC_WARN_UNUSED_FUNCTION = YES;
				GCC_WARN_UNUSED_VARIABLE = YES;
				LOCALIZATION_PREFERS_STRING_CATALOGS = YES;
				MACOSX_DEPLOYMENT_TARGET = 26.5;
				MTL_ENABLE_DEBUG_INFO = INCLUDE_SOURCE;
				MTL_FAST_MATH = YES;
				ONLY_ACTIVE_ARCH = YES;
				SDKROOT = macosx;
				SWIFT_ACTIVE_COMPILATION_CONDITIONS = "DEBUG $(inherited)";
				SWIFT_OPTIMIZATION_LEVEL = "-Onone";
			};
			name = Debug;
		};
		DDCAFA8F3017CB6B009E14C9 /* Release */ = {
			isa = XCBuildConfiguration;
			buildSettings = {
				ALWAYS_SEARCH_USER_PATHS = NO;
				ASSETCATALOG_COMPILER_GENERATE_SWIFT_ASSET_SYMBOL_EXTENSIONS = YES;
				CLANG_ANALYZER_NONNULL = YES;
				CLANG_ANALYZER_NUMBER_OBJECT_CONVERSION = YES_AGGRESSIVE;
				CLANG_CXX_LANGUAGE_STANDARD = "gnu++20";
				CLANG_ENABLE_MODULES = YES;
				CLANG_ENABLE_OBJC_ARC = YES;
				CLANG_ENABLE_OBJC_WEAK = YES;
				CLANG_WARN_BLOCK_CAPTURE_AUTORELEASING = YES;
				CLANG_WARN_BOOL_CONVERSION = YES;
				CLANG_WARN_COMMA = YES;
				CLANG_WARN_CONSTANT_CONVERSION = YES;
				CLANG_WARN_DEPRECATED_OBJC_IMPLEMENTATIONS = YES;
				CLANG_WARN_DIRECT_OBJC_ISA_USAGE = YES_ERROR;
				CLANG_WARN_DOCUMENTATION_COMMENTS = YES;
				CLANG_WARN_EMPTY_BODY = YES;
				CLANG_WARN_ENUM_CONVERSION = YES;
				CLANG_WARN_INFINITE_RECURSION = YES;
				CLANG_WARN_INT_CONVERSION = YES;
				CLANG_WARN_NON_LITERAL_NULL_CONVERSION = YES;
				CLANG_WARN_OBJC_IMPLICIT_RETAIN_SELF = YES;
				CLANG_WARN_OBJC_LITERAL_CONVERSION = YES;
				CLANG_WARN_OBJC_ROOT_CLASS = YES_ERROR;
				CLANG_WARN_QUOTED_INCLUDE_IN_FRAMEWORK_HEADER = YES;
				CLANG_WARN_RANGE_LOOP_ANALYSIS = YES;
				CLANG_WARN_STRICT_PROTOTYPES = YES;
				CLANG_WARN_SUSPICIOUS_MOVE = YES;
				CLANG_WARN_UNGUARDED_AVAILABILITY = YES_AGGRESSIVE;
				CLANG_WARN_UNREACHABLE_CODE = YES;
				CLANG_WARN__DUPLICATE_METHOD_MATCH = YES;
				COPY_PHASE_STRIP = NO;
				DEBUG_INFORMATION_FORMAT = "dwarf-with-dsym";
				DEVELOPMENT_TEAM = 4N94J6GCQ6;
				ENABLE_NS_ASSERTIONS = NO;
				ENABLE_STRICT_OBJC_MSGSEND = YES;
				ENABLE_USER_SCRIPT_SANDBOXING = YES;
				GCC_C_LANGUAGE_STANDARD = gnu17;
				GCC_NO_COMMON_BLOCKS = YES;
				GCC_WARN_64_TO_32_BIT_CONVERSION = YES;
				GCC_WARN_ABOUT_RETURN_TYPE = YES_ERROR;
				GCC_WARN_UNDECLARED_SELECTOR = YES;
				GCC_WARN_UNINITIALIZED_AUTOS = YES_AGGRESSIVE;
				GCC_WARN_UNUSED_FUNCTION = YES;
				GCC_WARN_UNUSED_VARIABLE = YES;
				LOCALIZATION_PREFERS_STRING_CATALOGS = YES;
				MACOSX_DEPLOYMENT_TARGET = 26.5;
				MTL_ENABLE_DEBUG_INFO = NO;
				MTL_FAST_MATH = YES;
				SDKROOT = macosx;
				SWIFT_COMPILATION_MODE = wholemodule;
			};
			name = Release;
		};
		DDCAFA913017CB6B009E14C9 /* Debug */ = {
			isa = XCBuildConfiguration;
			buildSettings = {
				ASSETCATALOG_COMPILER_APPICON_NAME = AppIcon;
				ASSETCATALOG_COMPILER_GLOBAL_ACCENT_COLOR_NAME = AccentColor;
				CODE_SIGN_STYLE = Automatic;
				COMBINE_HIDPI_IMAGES = YES;
				CURRENT_PROJECT_VERSION = 1;
				DEVELOPMENT_TEAM = 4N94J6GCQ6;
				ENABLE_APP_SANDBOX = YES;
				ENABLE_HARDENED_RUNTIME = YES;
				ENABLE_PREVIEWS = YES;
				ENABLE_USER_SELECTED_FILES = readonly;
				GENERATE_INFOPLIST_FILE = YES;
				INFOPLIST_KEY_NSHumanReadableCopyright = "";
				LD_RUNPATH_SEARCH_PATHS = (
					"$(inherited)",
					"@executable_path/../Frameworks",
				);
				MARKETING_VERSION = 1.0;
				PRODUCT_BUNDLE_IDENTIFIER = com.andrewrejones.LightBrowser;
				PRODUCT_NAME = "$(TARGET_NAME)";
				REGISTER_APP_GROUPS = YES;
				STRING_CATALOG_GENERATE_SYMBOLS = YES;
				SWIFT_APPROACHABLE_CONCURRENCY = YES;
				SWIFT_DEFAULT_ACTOR_ISOLATION = MainActor;
				SWIFT_EMIT_LOC_STRINGS = YES;
				SWIFT_UPCOMING_FEATURE_MEMBER_IMPORT_VISIBILITY = YES;
				SWIFT_VERSION = 5.0;
			};
			name = Debug;
		};
		DDCAFA923017CB6B009E14C9 /* Release */ = {
			isa = XCBuildConfiguration;
			buildSettings = {
				ASSETCATALOG_COMPILER_APPICON_NAME = AppIcon;
				ASSETCATALOG_COMPILER_GLOBAL_ACCENT_COLOR_NAME = AccentColor;
				CODE_SIGN_STYLE = Automatic;
				COMBINE_HIDPI_IMAGES = YES;
				CURRENT_PROJECT_VERSION = 1;
				DEVELOPMENT_TEAM = 4N94J6GCQ6;
				ENABLE_APP_SANDBOX = YES;
				ENABLE_HARDENED_RUNTIME = YES;
				ENABLE_PREVIEWS = YES;
				ENABLE_USER_SELECTED_FILES = readonly;
				GENERATE_INFOPLIST_FILE = YES;
				INFOPLIST_KEY_NSHumanReadableCopyright = "";
				LD_RUNPATH_SEARCH_PATHS = (
					"$(inherited)",
					"@executable_path/../Frameworks",
				);
				MARKETING_VERSION = 1.0;
				PRODUCT_BUNDLE_IDENTIFIER = com.andrewrejones.LightBrowser;
				PRODUCT_NAME = "$(TARGET_NAME)";
				REGISTER_APP_GROUPS = YES;
				STRING_CATALOG_GENERATE_SYMBOLS = YES;
				SWIFT_APPROACHABLE_CONCURRENCY = YES;
				SWIFT_DEFAULT_ACTOR_ISOLATION = MainActor;
				SWIFT_EMIT_LOC_STRINGS = YES;
				SWIFT_UPCOMING_FEATURE_MEMBER_IMPORT_VISIBILITY = YES;
				SWIFT_VERSION = 5.0;
			};
			name = Release;
		};
		DDCAFA943017CB6B009E14C9 /* Debug */ = {
			isa = XCBuildConfiguration;
			buildSettings = {
				BUNDLE_LOADER = "$(TEST_HOST)";
				CODE_SIGN_STYLE = Automatic;
				CURRENT_PROJECT_VERSION = 1;
				DEVELOPMENT_TEAM = 4N94J6GCQ6;
				GENERATE_INFOPLIST_FILE = YES;
				MACOSX_DEPLOYMENT_TARGET = 26.5;
				MARKETING_VERSION = 1.0;
				PRODUCT_BUNDLE_IDENTIFIER = com.andrewrejones.LightBrowserTests;
				PRODUCT_NAME = "$(TARGET_NAME)";
				STRING_CATALOG_GENERATE_SYMBOLS = NO;
				SWIFT_APPROACHABLE_CONCURRENCY = YES;
				SWIFT_EMIT_LOC_STRINGS = NO;
				SWIFT_UPCOMING_FEATURE_MEMBER_IMPORT_VISIBILITY = YES;
				SWIFT_VERSION = 5.0;
				TEST_HOST = "$(BUILT_PRODUCTS_DIR)/LightBrowser.app/$(BUNDLE_EXECUTABLE_FOLDER_PATH)/LightBrowser";
			};
			name = Debug;
		};
		DDCAFA953017CB6B009E14C9 /* Release */ = {
			isa = XCBuildConfiguration;
			buildSettings = {
				BUNDLE_LOADER = "$(TEST_HOST)";
				CODE_SIGN_STYLE = Automatic;
				CURRENT_PROJECT_VERSION = 1;
				DEVELOPMENT_TEAM = 4N94J6GCQ6;
				GENERATE_INFOPLIST_FILE = YES;
				MACOSX_DEPLOYMENT_TARGET = 26.5;
				MARKETING_VERSION = 1.0;
				PRODUCT_BUNDLE_IDENTIFIER = com.andrewrejones.LightBrowserTests;
				PRODUCT_NAME = "$(TARGET_NAME)";
				STRING_CATALOG_GENERATE_SYMBOLS = NO;
				SWIFT_APPROACHABLE_CONCURRENCY = YES;
				SWIFT_EMIT_LOC_STRINGS = NO;
				SWIFT_UPCOMING_FEATURE_MEMBER_IMPORT_VISIBILITY = YES;
				SWIFT_VERSION = 5.0;
				TEST_HOST = "$(BUILT_PRODUCTS_DIR)/LightBrowser.app/$(BUNDLE_EXECUTABLE_FOLDER_PATH)/LightBrowser";
			};
			name = Release;
		};
		DDCAFA973017CB6B009E14C9 /* Debug */ = {
			isa = XCBuildConfiguration;
			buildSettings = {
				CODE_SIGN_STYLE = Automatic;
				CURRENT_PROJECT_VERSION = 1;
				DEVELOPMENT_TEAM = 4N94J6GCQ6;
				GENERATE_INFOPLIST_FILE = YES;
				MARKETING_VERSION = 1.0;
				PRODUCT_BUNDLE_IDENTIFIER = com.andrewrejones.LightBrowserUITests;
				PRODUCT_NAME = "$(TARGET_NAME)";
				STRING_CATALOG_GENERATE_SYMBOLS = NO;
				SWIFT_APPROACHABLE_CONCURRENCY = YES;
				SWIFT_EMIT_LOC_STRINGS = NO;
				SWIFT_UPCOMING_FEATURE_MEMBER_IMPORT_VISIBILITY = YES;
				SWIFT_VERSION = 5.0;
				TEST_TARGET_NAME = LightBrowser;
			};
			name = Debug;
		};
		DDCAFA983017CB6B009E14C9 /* Release */ = {
			isa = XCBuildConfiguration;
			buildSettings = {
				CODE_SIGN_STYLE = Automatic;
				CURRENT_PROJECT_VERSION = 1;
				DEVELOPMENT_TEAM = 4N94J6GCQ6;
				GENERATE_INFOPLIST_FILE = YES;
				MARKETING_VERSION = 1.0;
				PRODUCT_BUNDLE_IDENTIFIER = com.andrewrejones.LightBrowserUITests;
				PRODUCT_NAME = "$(TARGET_NAME)";
				STRING_CATALOG_GENERATE_SYMBOLS = NO;
				SWIFT_APPROACHABLE_CONCURRENCY = YES;
				SWIFT_EMIT_LOC_STRINGS = NO;
				SWIFT_UPCOMING_FEATURE_MEMBER_IMPORT_VISIBILITY = YES;
				SWIFT_VERSION = 5.0;
				TEST_TARGET_NAME = LightBrowser;
			};
			name = Release;
		};
/* End XCBuildConfiguration section */

/* Begin XCConfigurationList section */
		DDCAFA6A3017CB69009E14C9 /* Build configuration list for PBXProject "LightBrowser" */ = {
			isa = XCConfigurationList;
			buildConfigurations = (
				DDCAFA8E3017CB6B009E14C9 /* Debug */,
				DDCAFA8F3017CB6B009E14C9 /* Release */,
			);
			defaultConfigurationIsVisible = 0;
			defaultConfigurationName = Release;
		};
		DDCAFA903017CB6B009E14C9 /* Build configuration list for PBXNativeTarget "LightBrowser" */ = {
			isa = XCConfigurationList;
			buildConfigurations = (
				DDCAFA913017CB6B009E14C9 /* Debug */,
				DDCAFA923017CB6B009E14C9 /* Release */,
			);
			defaultConfigurationIsVisible = 0;
			defaultConfigurationName = Release;
		};
		DDCAFA933017CB6B009E14C9 /* Build configuration list for PBXNativeTarget "LightBrowserTests" */ = {
			isa = XCConfigurationList;
			buildConfigurations = (
				DDCAFA943017CB6B009E14C9 /* Debug */,
				DDCAFA953017CB6B009E14C9 /* Release */,
			);
			defaultConfigurationIsVisible = 0;
			defaultConfigurationName = Release;
		};
		DDCAFA963017CB6B009E14C9 /* Build configuration list for PBXNativeTarget "LightBrowserUITests" */ = {
			isa = XCConfigurationList;
			buildConfigurations = (
				DDCAFA973017CB6B009E14C9 /* Debug */,
				DDCAFA983017CB6B009E14C9 /* Release */,
			);
			defaultConfigurationIsVisible = 0;
			defaultConfigurationName = Release;
		};
/* End XCConfigurationList section */
	};
	rootObject = DDCAFA673017CB69009E14C9 /* Project object */;
}
